
Microsoft Visual Studio Solution File, Format Version 11.00
# Visual Studio 2010
Project("{FAE04EC0-301F-11D3-BF4B-00C04F79EFBC}") = "projekt1", "ConsoleApplication1\projekt1.csproj", "{315F97EE-0BF1-49B3-AD78-FFDF5AF7A0CE}"
EndProject
Global
	GlobalSection(SolutionConfigurationPlatforms) = preSolution
		Debug|x86 = Debug|x86
		Release|x86 = Release|x86
	EndGlobalSection
	GlobalSection(ProjectConfigurationPlatforms) = postSolution
		{315F97EE-0BF1-49B3-AD78-FFDF5AF7A0CE}.Debug|x86.ActiveCfg = Debug|x86
		{315F97EE-0BF1-49B3-AD78-FFDF5AF7A0CE}.Debug|x86.Build.0 = Debug|x86
		{315F97EE-0BF1-49B3-AD78-FFDF5AF7A0CE}.Release|x86.ActiveCfg = Release|x86
		{315F97EE-0BF1-49B3-AD78-FFDF5AF7A0CE}.Release|x86.Build.0 = Release|x86
	EndGlobalSection
	GlobalSection(SolutionProperties) = preSolution
		HideSolutionNode = FALSE
	EndGlobalSection
EndGlobal
